
Microsoft Visual Studio Solution File, Format Version 12.00
# Visual Studio 15
VisualStudioVersion = 15.0.28307.1062
MinimumVisualStudioVersion = 10.0.40219.1
Project("{FAE04EC0-301F-11D3-BF4B-00C04F79EFBC}") = "02-FactoryMethod", "02-FactoryMethod\02-FactoryMethod.csproj", "{460136FD-4F74-45F9-869D-6CF794D9AEE5}"
EndProject
Project("{FAE04EC0-301F-11D3-BF4B-00C04F79EFBC}") = "03-AbstractFactory", "03-AbstractFactory\03-AbstractFactory.csproj", "{61B5BDDB-1021-40F4-8C74-3B1F9D58A985}"
EndProject
Project("{FAE04EC0-301F-11D3-BF4B-00C04F79EFBC}") = "04-Prototype", "04-Prototype\04-Prototype.csproj", "{B2397917-24B4-42F0-B720-5AD7C277126F}"
EndProject
Project("{FAE04EC0-301F-11D3-BF4B-00C04F79EFBC}") = "05-Builder", "05-Builder\05-Builder.csproj", "{6E2A54C4-113D-43AB-A575-FFC8ABC707C7}"
EndProject
Project("{FAE04EC0-301F-11D3-BF4B-00C04F79EFBC}") = "06-Facade", "06-Facade\06-Facade.csproj", "{1BABE042-C8A6-43AA-A6B9-E34B62EA6B33}"
EndProject
Project("{FAE04EC0-301F-11D3-BF4B-00C04F79EFBC}") = "07-Adapter", "07-Adapter\07-Adapter.csproj", "{3FC3A772-4A39-4D99-973A-155D268E6B26}"
EndProject
Project("{FAE04EC0-301F-11D3-BF4B-00C04F79EFBC}") = "08-Composite", "08-Composite\08-Composite.csproj", "{59B7391B-8D78-48CF-A12B-B06AC7FDCE86}"
EndProject
Project("{FAE04EC0-301F-11D3-BF4B-00C04F79EFBC}") = "09-Proxy", "09-Proxy\09-Proxy.csproj", "{6047A06D-8CF2-4CFD-9C06-CCC99F150079}"
EndProject
Project("{FAE04EC0-301F-11D3-BF4B-00C04F79EFBC}") = "10-Decorator", "10-Decorator\10-Decorator.csproj", "{4D925215-132D-4F78-8E15-A87C6E9AFBA9}"
EndProject
Project("{FAE04EC0-301F-11D3-BF4B-00C04F79EFBC}") = "11-Bridge", "11-Bridge\11-Bridge.csproj", "{4CF18640-F4FD-4AEA-8303-C175F0F0CFA5}"
EndProject
Project("{FAE04EC0-301F-11D3-BF4B-00C04F79EFBC}") = "12-Strategy", "12-Strategy\12-Strategy.csproj", "{4FF3B84B-CBFB-4CBD-B53D-510B2DDD3105}"
EndProject
Project("{FAE04EC0-301F-11D3-BF4B-00C04F79EFBC}") = "13-Observer", "13-Observer\13-Observer.csproj", "{FC433A14-A174-4221-A0C5-5401536A7F95}"
EndProject
Global
	GlobalSection(SolutionConfigurationPlatforms) = preSolution
		Debug|Any CPU = Debug|Any CPU
		Release|Any CPU = Release|Any CPU
	EndGlobalSection
	GlobalSection(ProjectConfigurationPlatforms) = postSolution
		{460136FD-4F74-45F9-869D-6CF794D9AEE5}.Debug|Any CPU.ActiveCfg = Debug|Any CPU
		{460136FD-4F74-45F9-869D-6CF794D9AEE5}.Debug|Any CPU.Build.0 = Debug|Any CPU
		{460136FD-4F74-45F9-869D-6CF794D9AEE5}.Release|Any CPU.ActiveCfg = Release|Any CPU
		{460136FD-4F74-45F9-869D-6CF794D9AEE5}.Release|Any CPU.Build.0 = Release|Any CPU
		{61B5BDDB-1021-40F4-8C74-3B1F9D58A985}.Debug|Any CPU.ActiveCfg = Debug|Any CPU
		{61B5BDDB-1021-40F4-8C74-3B1F9D58A985}.Debug|Any CPU.Build.0 = Debug|Any CPU
		{61B5BDDB-1021-40F4-8C74-3B1F9D58A985}.Release|Any CPU.ActiveCfg = Release|Any CPU
		{61B5BDDB-1021-40F4-8C74-3B1F9D58A985}.Release|Any CPU.Build.0 = Release|Any CPU
		{B2397917-24B4-42F0-B720-5AD7C277126F}.Debug|Any CPU.ActiveCfg = Debug|Any CPU
		{B2397917-24B4-42F0-B720-5AD7C277126F}.Debug|Any CPU.Build.0 = Debug|Any CPU
		{B2397917-24B4-42F0-B720-5AD7C277126F}.Release|Any CPU.ActiveCfg = Release|Any CPU
		{B2397917-24B4-42F0-B720-5AD7C277126F}.Release|Any CPU.Build.0 = Release|Any CPU
		{6E2A54C4-113D-43AB-A575-FFC8ABC707C7}.Debug|Any CPU.ActiveCfg = Debug|Any CPU
		{6E2A54C4-113D-43AB-A575-FFC8ABC707C7}.Debug|Any CPU.Build.0 = Debug|Any CPU
		{6E2A54C4-113D-43AB-A575-FFC8ABC707C7}.Release|Any CPU.ActiveCfg = Release|Any CPU
		{6E2A54C4-113D-43AB-A575-FFC8ABC707C7}.Release|Any CPU.Build.0 = Release|Any CPU
		{1BABE042-C8A6-43AA-A6B9-E34B62EA6B33}.Debug|Any CPU.ActiveCfg = Debug|Any CPU
		{1BABE042-C8A6-43AA-A6B9-E34B62EA6B33}.Debug|Any CPU.Build.0 = Debug|Any CPU
		{1BABE042-C8A6-43AA-A6B9-E34B62EA6B33}.Release|Any CPU.ActiveCfg = Release|Any CPU
		{1BABE042-C8A6-43AA-A6B9-E34B62EA6B33}.Release|Any CPU.Build.0 = Release|Any CPU
		{3FC3A772-4A39-4D99-973A-155D268E6B26}.Debug|Any CPU.ActiveCfg = Debug|Any CPU
		{3FC3A772-4A39-4D99-973A-155D268E6B26}.Debug|Any CPU.Build.0 = Debug|Any CPU
		{3FC3A772-4A39-4D99-973A-155D268E6B26}.Release|Any CPU.ActiveCfg = Release|Any CPU
		{3FC3A772-4A39-4D99-973A-155D268E6B26}.Release|Any CPU.Build.0 = Release|Any CPU
		{59B7391B-8D78-48CF-A12B-B06AC7FDCE86}.Debug|Any CPU.ActiveCfg = Debug|Any CPU
		{59B7391B-8D78-48CF-A12B-B06AC7FDCE86}.Debug|Any CPU.Build.0 = Debug|Any CPU
		{59B7391B-8D78-48CF-A12B-B06AC7FDCE86}.Release|Any CPU.ActiveCfg = Release|Any CPU
		{59B7391B-8D78-48CF-A12B-B06AC7FDCE86}.Release|Any CPU.Build.0 = Release|Any CPU
		{6047A06D-8CF2-4CFD-9C06-CCC99F150079}.Debug|Any CPU.ActiveCfg = Debug|Any CPU
		{6047A06D-8CF2-4CFD-9C06-CCC99F150079}.Debug|Any CPU.Build.0 = Debug|Any CPU
		{6047A06D-8CF2-4CFD-9C06-CCC99F150079}.Release|Any CPU.ActiveCfg = Release|Any CPU
		{6047A06D-8CF2-4CFD-9C06-CCC99F150079}.Release|Any CPU.Build.0 = Release|Any CPU
		{4D925215-132D-4F78-8E15-A87C6E9AFBA9}.Debug|Any CPU.ActiveCfg = Debug|Any CPU
		{4D925215-132D-4F78-8E15-A87C6E9AFBA9}.Debug|Any CPU.Build.0 = Debug|Any CPU
		{4D925215-132D-4F78-8E15-A87C6E9AFBA9}.Release|Any CPU.ActiveCfg = Release|Any CPU
		{4D925215-132D-4F78-8E15-A87C6E9AFBA9}.Release|Any CPU.Build.0 = Release|Any CPU
		{4CF18640-F4FD-4AEA-8303-C175F0F0CFA5}.Debug|Any CPU.ActiveCfg = Debug|Any CPU
		{4CF18640-F4FD-4AEA-8303-C175F0F0CFA5}.Debug|Any CPU.Build.0 = Debug|Any CPU
		{4CF18640-F4FD-4AEA-8303-C175F0F0CFA5}.Release|Any CPU.ActiveCfg = Release|Any CPU
		{4CF18640-F4FD-4AEA-8303-C175F0F0CFA5}.Release|Any CPU.Build.0 = Release|Any CPU
		{4FF3B84B-CBFB-4CBD-B53D-510B2DDD3105}.Debug|Any CPU.ActiveCfg = Debug|Any CPU
		{4FF3B84B-CBFB-4CBD-B53D-510B2DDD3105}.Debug|Any CPU.Build.0 = Debug|Any CPU
		{4FF3B84B-CBFB-4CBD-B53D-510B2DDD3105}.Release|Any CPU.ActiveCfg = Release|Any CPU
		{4FF3B84B-CBFB-4CBD-B53D-510B2DDD3105}.Release|Any CPU.Build.0 = Release|Any CPU
		{FC433A14-A174-4221-A0C5-5401536A7F95}.Debug|Any CPU.ActiveCfg = Debug|Any CPU
		{FC433A14-A174-4221-A0C5-5401536A7F95}.Debug|Any CPU.Build.0 = Debug|Any CPU
		{FC433A14-A174-4221-A0C5-5401536A7F95}.Release|Any CPU.ActiveCfg = Release|Any CPU
		{FC433A14-A174-4221-A0C5-5401536A7F95}.Release|Any CPU.Build.0 = Release|Any CPU
	EndGlobalSection
	GlobalSection(SolutionProperties) = preSolution
		HideSolutionNode = FALSE
	EndGlobalSection
	GlobalSection(ExtensibilityGlobals) = postSolution
		SolutionGuid = {A1E1FF88-D939-433F-97D1-068DD698D2E9}
	EndGlobalSection
EndGlobal
